{
  "requires": true,
  "lockfileVersion": 1,
  "dependencies": {
    "debug": {
      "version": "0.7.4",
      "resolved": "https://registry.npmjs.org/debug/-/debug-0.7.4.tgz",
      "integrity": "sha1-BuHqgILCyxTjmAbiLi9vdX+Srzk="
    },
    "jit": {
      "version": "0.1.1",
      "resolved": "https://registry.npmjs.org/jit/-/jit-0.1.1.tgz",
      "integrity": "sha1-JRHO8jffaPadpchCxS9WQrwSsnw=",
      "requires": {
        "debug": "~0.7.4"
      }
    }
  }
}
